<?xml version="1.0" encoding="utf-8"?>
<Project ToolsVersion="4.0" xmlns="http://schemas.microsoft.com/developer/msbuild/2003">
  <ItemGroup>
    <Filter Include="ヘッダー ファイル">
      <UniqueIdentifier>{93995380-89BD-4b04-88EB-625FBE52EBFB}</UniqueIdentifier>
      <Extensions>h;hh;hpp;hxx;h++;hm;inl;inc;ipp;xsd</Extensions>
    </Filter>
    <Filter Include="リソース ファイル">
      <UniqueIdentifier>{67DA6AB6-F800-4c08-8B7A-83BB121AAD01}</UniqueIdentifier>
      <Extensions>rc;ico;cur;bmp;dlg;rc2;rct;bin;rgs;gif;jpg;jpeg;jpe;resx;tiff;tif;png;wav;mfcribbon-ms</Extensions>
    </Filter>
    <Filter Include="imgui">
      <UniqueIdentifier>{f538c2a4-3f24-48c0-922a-6f2e3e7f0fdb}</UniqueIdentifier>
    </Filter>
    <Filter Include="engine">
      <UniqueIdentifier>{052f9c7c-ffd0-4dd9-b740-1765e8054e6d}</UniqueIdentifier>
    </Filter>
    <Filter Include="engine\Audio">
      <UniqueIdentifier>{e9c003f6-41ed-4be5-910a-dfe417e92265}</UniqueIdentifier>
    </Filter>
    <Filter Include="engine\math">
      <UniqueIdentifier>{568326af-b7fc-4d23-887d-4ad37cf4a57c}</UniqueIdentifier>
    </Filter>
    <Filter Include="engine\2d">
      <UniqueIdentifier>{79f0c1f7-1598-4e90-bde2-5ea60fa2637a}</UniqueIdentifier>
    </Filter>
    <Filter Include="シェーダー ファイル">
      <UniqueIdentifier>{7c0b9070-b01f-4ba4-ad0d-1e389ba64581}</UniqueIdentifier>
    </Filter>
    <Filter Include="engine\3d">
      <UniqueIdentifier>{8e5f47b6-b7b6-45a7-a1fb-db3004412e5b}</UniqueIdentifier>
    </Filter>
    <Filter Include="engine\base">
      <UniqueIdentifier>{db6c1153-66bc-4c64-8848-d9474d9029ec}</UniqueIdentifier>
    </Filter>
    <Filter Include="engine\scene">
      <UniqueIdentifier>{d0b0505b-1c36-4229-bd35-512f3496fd14}</UniqueIdentifier>
    </Filter>
    <Filter Include="engine\App">
      <UniqueIdentifier>{aac9a291-1ec1-419d-a78b-4b6475066212}</UniqueIdentifier>
    </Filter>
    <Filter Include="engine\io">
      <UniqueIdentifier>{7cf8d20a-921e-4b99-b150-b77089f72e52}</UniqueIdentifier>
    </Filter>
    <Filter Include="engine\Input">
      <UniqueIdentifier>{be9e726b-6980-498d-9b0c-24447d76b299}</UniqueIdentifier>
    </Filter>
    <Filter Include="ソース ファイル">
      <UniqueIdentifier>{4FC737F1-C7A5-4376-A066-2A32D752A2FF}</UniqueIdentifier>
      <Extensions>cpp;c;cc;cxx;c++;cppm;ixx;def;odl;idl;hpj;bat;asm;asmx</Extensions>
    </Filter>
    <Filter Include="engine\Tool">
      <UniqueIdentifier>{09a81933-e639-445e-ba5c-ba2600fd0dfc}</UniqueIdentifier>
    </Filter>
    <Filter Include="engine\GAME">
      <UniqueIdentifier>{e4f50392-c482-4e20-a9b7-c9293b09b7d6}</UniqueIdentifier>
    </Filter>
    <Filter Include="シェーダー ファイル\Object3d">
      <UniqueIdentifier>{c1ebee99-5a77-45c0-bef5-04abf250cb5f}</UniqueIdentifier>
    </Filter>
    <Filter Include="シェーダー ファイル\Particle">
      <UniqueIdentifier>{2c8dd127-8615-434f-8bae-00add16c0923}</UniqueIdentifier>
    </Filter>
    <Filter Include="シェーダー ファイル\sprite">
      <UniqueIdentifier>{59a31dd0-920a-45c1-997f-36c5996bd533}</UniqueIdentifier>
    </Filter>
    <Filter Include="scene">
      <UniqueIdentifier>{af45ce30-5cdb-4203-af12-7c7f3994d932}</UniqueIdentifier>
    </Filter>
  </ItemGroup>
  <ItemGroup>
    <ClCompile Include="externals\imgui\imgui.cpp">
      <Filter>imgui</Filter>
    </ClCompile>
    <ClCompile Include="externals\imgui\imgui_demo.cpp">
      <Filter>imgui</Filter>
    </ClCompile>
    <ClCompile Include="externals\imgui\imgui_draw.cpp">
      <Filter>imgui</Filter>
    </ClCompile>
    <ClCompile Include="externals\imgui\imgui_impl_dx12.cpp">
      <Filter>imgui</Filter>
    </ClCompile>
    <ClCompile Include="externals\imgui\imgui_impl_win32.cpp">
      <Filter>imgui</Filter>
    </ClCompile>
    <ClCompile Include="externals\imgui\imgui_tables.cpp">
      <Filter>imgui</Filter>
    </ClCompile>
    <ClCompile Include="externals\imgui\imgui_widgets.cpp">
      <Filter>imgui</Filter>
    </ClCompile>
    <ClCompile Include="engine\audio\Audio.cpp">
      <Filter>engine\Audio</Filter>
    </ClCompile>
    <ClCompile Include="engine\math\MathFunction.cpp">
      <Filter>engine\math</Filter>
    </ClCompile>
    <ClCompile Include="engine\input\Input.cpp">
      <Filter>engine\Input</Filter>
    </ClCompile>
    <ClCompile Include="main.cpp">
      <Filter>ソース ファイル</Filter>
    </ClCompile>
    <ClCompile Include="engine\base\WinApp.cpp">
      <Filter>engine\base</Filter>
    </ClCompile>
    <ClCompile Include="engine\base\DXCommon.cpp">
      <Filter>engine\base</Filter>
    </ClCompile>
    <ClCompile Include="engine\base\D3DResourceLeakChecker.cpp">
      <Filter>engine\base</Filter>
    </ClCompile>
    <ClCompile Include="engine\Tool\StringUtility.cpp">
      <Filter>engine\base</Filter>
    </ClCompile>
    <ClCompile Include="engine\Tool\Logger.cpp">
      <Filter>engine\base</Filter>
    </ClCompile>
    <ClCompile Include="engine\2d\SpriteCommon.cpp">
      <Filter>engine\2d</Filter>
    </ClCompile>
    <ClCompile Include="engine\2d\Sprite.cpp">
      <Filter>engine\2d</Filter>
    </ClCompile>
    <ClCompile Include="engine\3d\Vector3.cpp">
      <Filter>engine\3d</Filter>
    </ClCompile>
    <ClCompile Include="engine\2d\Vector2.cpp">
      <Filter>engine\2d</Filter>
    </ClCompile>
    <ClCompile Include="engine\2d\TextureManager.cpp">
      <Filter>engine\2d</Filter>
    </ClCompile>
    <ClCompile Include="engine\3d\Object3d.cpp">
      <Filter>engine\3d</Filter>
    </ClCompile>
    <ClCompile Include="engine\3d\Object3dCommon.cpp">
      <Filter>engine\3d</Filter>
    </ClCompile>
    <ClCompile Include="engine\3d\Model.cpp">
      <Filter>engine\3d</Filter>
    </ClCompile>
    <ClCompile Include="engine\3d\ModelManager.cpp">
      <Filter>engine\3d</Filter>
    </ClCompile>
    <ClCompile Include="engine\Tool\Camera.cpp">
      <Filter>engine\Tool</Filter>
    </ClCompile>
    <ClCompile Include="engine\base\SrvManager.cpp">
      <Filter>engine\base</Filter>
    </ClCompile>
    <ClCompile Include="engine\math\DrawFunction.cpp">
      <Filter>engine\math</Filter>
    </ClCompile>
    <ClCompile Include="engine\Tool\ParicleEmitter.cpp">
      <Filter>engine\Tool</Filter>
    </ClCompile>
    <ClCompile Include="engine\Tool\ParticleManager.cpp">
      <Filter>engine\Tool</Filter>
    </ClCompile>
    <ClCompile Include="engine\Tool\ImGuiManager.cpp">
      <Filter>engine\Tool</Filter>
    </ClCompile>
    <ClCompile Include="engine\GAME\Framework.cpp">
      <Filter>engine\GAME</Filter>
    </ClCompile>
    <ClCompile Include="engine\GAME\GameEngine.cpp">
      <Filter>engine\GAME</Filter>
    </ClCompile>
    <ClCompile Include="engine\scene\Scene.cpp">
      <Filter>engine\scene</Filter>
    </ClCompile>
    <ClCompile Include="engine\scene\SceneManager.cpp">
      <Filter>engine\scene</Filter>
    </ClCompile>
    <ClCompile Include="engine\base\PSOMnager.cpp">
      <Filter>engine\base</Filter>
    </ClCompile>
    <ClCompile Include="engine\scene\SceneFactory.cpp">
      <Filter>engine\scene</Filter>
    </ClCompile>
    <ClCompile Include="engine\Tool\LightManager.cpp">
      <Filter>engine\Tool</Filter>
    </ClCompile>
    <ClCompile Include="application\scene\TitleScene.cpp">
      <Filter>scene</Filter>
    </ClCompile>
    <ClCompile Include="application\scene\GameScene.cpp">
      <Filter>scene</Filter>
    </ClCompile>
  </ItemGroup>
  <ItemGroup>
    <ClInclude Include="externals\imgui\imconfig.h">
      <Filter>imgui</Filter>
    </ClInclude>
    <ClInclude Include="externals\imgui\imgui.h">
      <Filter>imgui</Filter>
    </ClInclude>
    <ClInclude Include="externals\imgui\imgui_impl_dx12.h">
      <Filter>imgui</Filter>
    </ClInclude>
    <ClInclude Include="externals\imgui\imgui_impl_win32.h">
      <Filter>imgui</Filter>
    </ClInclude>
    <ClInclude Include="externals\imgui\imgui_internal.h">
      <Filter>imgui</Filter>
    </ClInclude>
    <ClInclude Include="externals\imgui\imstb_rectpack.h">
      <Filter>imgui</Filter>
    </ClInclude>
    <ClInclude Include="externals\imgui\imstb_textedit.h">
      <Filter>imgui</Filter>
    </ClInclude>
    <ClInclude Include="externals\imgui\imstb_truetype.h">
      <Filter>imgui</Filter>
    </ClInclude>
    <ClInclude Include="engine\audio\Audio.h">
      <Filter>engine\Audio</Filter>
    </ClInclude>
    <ClInclude Include="engine\math\MathFunction.h">
      <Filter>engine\math</Filter>
    </ClInclude>
    <ClInclude Include="engine\2d\Vector4.h">
      <Filter>engine\2d</Filter>
    </ClInclude>
    <ClInclude Include="engine\input\Input.h">
      <Filter>engine\Input</Filter>
    </ClInclude>
    <ClInclude Include="engine\base\WinApp.h">
      <Filter>engine\base</Filter>
    </ClInclude>
    <ClInclude Include="engine\base\DXCommon.h">
      <Filter>engine\base</Filter>
    </ClInclude>
    <ClInclude Include="engine\base\D3DResourceLeakChecker.h">
      <Filter>engine\base</Filter>
    </ClInclude>
    <ClInclude Include="engine\Tool\Logger.h">
      <Filter>engine\base</Filter>
    </ClInclude>
    <ClInclude Include="engine\Tool\StringUtility.h">
      <Filter>engine\base</Filter>
    </ClInclude>
    <ClInclude Include="engine\2d\SpriteCommon.h">
      <Filter>engine\2d</Filter>
    </ClInclude>
    <ClInclude Include="engine\2d\Sprite.h">
      <Filter>engine\2d</Filter>
    </ClInclude>
    <ClInclude Include="engine\2d\Vector2.h">
      <Filter>engine\2d</Filter>
    </ClInclude>
    <ClInclude Include="engine\3d\Vector3.h">
      <Filter>engine\3d</Filter>
    </ClInclude>
    <ClInclude Include="engine\2d\TextureManager.h">
      <Filter>engine\2d</Filter>
    </ClInclude>
    <ClInclude Include="engine\3d\Object3d.h">
      <Filter>engine\3d</Filter>
    </ClInclude>
    <ClInclude Include="engine\3d\Object3dCommon.h">
      <Filter>engine\3d</Filter>
    </ClInclude>
    <ClInclude Include="engine\3d\Model.h">
      <Filter>engine\3d</Filter>
    </ClInclude>
    <ClInclude Include="engine\3d\ModelManager.h">
      <Filter>engine\3d</Filter>
    </ClInclude>
    <ClInclude Include="engine\Tool\Camera.h">
      <Filter>engine\Tool</Filter>
    </ClInclude>
    <ClInclude Include="engine\base\SrvManager.h">
      <Filter>engine\base</Filter>
    </ClInclude>
    <ClInclude Include="engine\math\DrawFunction.h">
      <Filter>engine\math</Filter>
    </ClInclude>
    <ClInclude Include="engine\Tool\ParicleEmitter.h">
      <Filter>engine\Tool</Filter>
    </ClInclude>
    <ClInclude Include="engine\Tool\ParticleManager.h">
      <Filter>engine\Tool</Filter>
    </ClInclude>
    <ClInclude Include="engine\Tool\ImGuiManager.h">
      <Filter>engine\Tool</Filter>
    </ClInclude>
    <ClInclude Include="engine\GAME\GameEngine.h">
      <Filter>engine\GAME</Filter>
    </ClInclude>
    <ClInclude Include="engine\GAME\Framework.h">
      <Filter>engine\GAME</Filter>
    </ClInclude>
    <ClInclude Include="engine\scene\Scene.h">
      <Filter>engine\scene</Filter>
    </ClInclude>
    <ClInclude Include="engine\scene\SceneManager.h">
      <Filter>engine\scene</Filter>
    </ClInclude>
    <ClInclude Include="engine\base\PSOMnager.h">
      <Filter>engine\base</Filter>
    </ClInclude>
    <ClInclude Include="engine\scene\SceneFactory.h">
      <Filter>engine\scene</Filter>
    </ClInclude>
    <ClInclude Include="engine\scene\AbstractSceneFactory.h">
      <Filter>engine\scene</Filter>
    </ClInclude>
    <ClInclude Include="engine\Tool\LightManager.h">
      <Filter>engine\Tool</Filter>
    </ClInclude>
    <ClInclude Include="application\scene\TitleScene.h">
      <Filter>scene</Filter>
    </ClInclude>
    <ClInclude Include="application\scene\GameScene.h">
      <Filter>scene</Filter>
    </ClInclude>
  </ItemGroup>
  <ItemGroup>
    <Text Include="externals\imgui\LICENSE.txt">
      <Filter>imgui</Filter>
    </Text>
  </ItemGroup>
  <ItemGroup>
    <None Include="resources\shaders\Object3d\Object3d.hlsli">
      <Filter>シェーダー ファイル\Object3d</Filter>
    </None>
    <None Include="resources\shaders\Particle\Particle.hlsli">
      <Filter>シェーダー ファイル\Particle</Filter>
    </None>
    <None Include="resources\shaders\Sprite\Sprite.hlsli">
      <Filter>シェーダー ファイル\sprite</Filter>
    </None>
  </ItemGroup>
  <ItemGroup>
    <FxCompile Include="resources\shaders\Object3d\Object3d.PS.hlsl">
      <Filter>シェーダー ファイル\Object3d</Filter>
    </FxCompile>
    <FxCompile Include="resources\shaders\Object3d\Object3d.VS.hlsl">
      <Filter>シェーダー ファイル\Object3d</Filter>
    </FxCompile>
    <FxCompile Include="resources\shaders\Particle\Particle.PS.hlsl">
      <Filter>シェーダー ファイル\Particle</Filter>
    </FxCompile>
    <FxCompile Include="resources\shaders\Particle\Particle.VS.hlsl">
      <Filter>シェーダー ファイル\Particle</Filter>
    </FxCompile>
    <FxCompile Include="resources\shaders\Sprite\Sprite.PS.hlsl">
      <Filter>シェーダー ファイル\sprite</Filter>
    </FxCompile>
    <FxCompile Include="resources\shaders\Sprite\Sprite.VS.hlsl">
      <Filter>シェーダー ファイル\sprite</Filter>
    </FxCompile>
  </ItemGroup>
</Project>