<?xml version="1.0" encoding="utf-8"?>
<Project ToolsVersion="4.0" xmlns="http://schemas.microsoft.com/developer/msbuild/2003">
  <ItemGroup>
    <FxCompile Include="resources\shaders\Object3d\Object3d.PS.hlsl" />
    <FxCompile Include="resources\shaders\Object3d\Object3d.VS.hlsl" />
    <FxCompile Include="resources\shaders\Particle\Particle.PS.hlsl" />
    <FxCompile Include="resources\shaders\Particle\Particle.VS.hlsl" />
    <FxCompile Include="resources\shaders\Sprite\Sprite.PS.hlsl" />
    <FxCompile Include="resources\shaders\Sprite\Sprite.VS.hlsl" />
    <FxCompile Include="resources\shaders\Player\Player.PS.hlsl" />
    <FxCompile Include="resources\shaders\Player\Player.VS.hlsl" />
  </ItemGroup>
  <ItemGroup>
    <ClCompile Include="application\debugCamera\DebugCamera.cpp" />
    <ClCompile Include="application\debugCamera\DebugCameraFunction.cpp" />
    <ClCompile Include="application\object\Player.cpp" />
    <ClCompile Include="application\object\Terrain.cpp" />
    <ClCompile Include="application\collision\CollisionMask.cpp" />
    <ClCompile Include="application\object\Egg.cpp" />
    <ClCompile Include="engine\math\DrawFunction.cpp" />
    <ClCompile Include="engine\2d\Vector2.cpp" />
    <ClCompile Include="engine\3d\Vector3.cpp" />
    <ClCompile Include="engine\base\DXCommon.cpp" />
    <ClCompile Include="engine\Tool\ImGuiManager.cpp" />
    <ClCompile Include="externals\imgui\imgui.cpp" />
    <ClCompile Include="externals\imgui\imgui_demo.cpp" />
    <ClCompile Include="externals\imgui\imgui_draw.cpp" />
    <ClCompile Include="externals\imgui\imgui_impl_dx12.cpp" />
    <ClCompile Include="externals\imgui\imgui_impl_win32.cpp" />
    <ClCompile Include="externals\imgui\imgui_tables.cpp" />
    <ClCompile Include="externals\imgui\imgui_widgets.cpp" />
    <ClCompile Include="engine\input\Input.cpp" />
    <ClCompile Include="engine\Tool\Logger.cpp" />
    <ClCompile Include="engine\GAME\Framework.cpp" />
    <ClCompile Include="engine\GAME\GameEngine.cpp" />
    <ClCompile Include="application\scene\GameScene.cpp" />
    <ClCompile Include="engine\Tool\LightManager.cpp" />
    <ClCompile Include="application\object\Goal.cpp" />
    <ClCompile Include="main.cpp" />
    <ClCompile Include="engine\math\MathFunction.cpp" />
    <ClCompile Include="engine\base\WinApp.cpp" />
    <ClCompile Include="engine\2d\SpriteCommon.cpp" />
    <ClCompile Include="engine\2d\Sprite.cpp" />
    <ClCompile Include="engine\3d\Object3d.cpp" />
    <ClCompile Include="engine\3d\Object3dCommon.cpp" />
    <ClCompile Include="engine\3d\Model.cpp" />
    <ClCompile Include="engine\3d\ModelManager.cpp" />
    <ClCompile Include="engine\Tool\StringUtility.cpp" />
    <ClCompile Include="engine\2d\TextureManager.cpp" />
    <ClCompile Include="engine\Tool\ParticleManager.cpp" />
    <ClCompile Include="engine\base\SrvManager.cpp" />
    <ClCompile Include="engine\Tool\ParicleEmitter.cpp" />
    <ClCompile Include="engine\scene\Scene.cpp" />
    <ClCompile Include="engine\scene\SceneManager.cpp" />
    <ClCompile Include="application\scene\TitleScene.cpp" />
    <ClCompile Include="engine\scene\SceneFactory.cpp" />
    <ClCompile Include="ThreadRenderer.cpp" />
    <ClCompile Include="ThreadPhysics.cpp" />
    <ClCompile Include="ThreadManager.cpp" />
    <ClCompile Include="application\collision\Vector4Function.cpp" />
    <ClCompile Include="Enemy.cpp" />
    <ClCompile Include="PathFinder.cpp" />
    <ClCompile Include="engine\base\PSOManager.cpp" />
    <ClCompile Include="engine\math\Mass.cpp" />
    <ClCompile Include="engine\math\Quanternion.cpp" />
    <ClCompile Include="engine\math\RotateFunction.cpp" />
    <ClCompile Include="Animation.cpp" />
    <ClCompile Include="engine\audio\Audio.cpp">
      <Filter>NewFilter4\NewFilter3</Filter>
    </ClCompile>
    <ClCompile Include="engine\Tool\Camera.cpp">
      <Filter>NewFilter4\NewFilter2</Filter>
    </ClCompile>
    <ClCompile Include="engine\base\D3DResourceLeakChecker.cpp">
      <Filter>NewFilter4\NewFilter4</Filter>
    </ClCompile>
  </ItemGroup>
  <ItemGroup>
    <ClInclude Include="application\debugCamera\DebugCamera.h" />
    <ClInclude Include="application\debugCamera\DebugCameraFunction.h" />
    <ClInclude Include="application\object\Player.h" />
    <ClInclude Include="application\object\Terrain.h" />
    <ClInclude Include="application\collision\CollisionMask.h" />
    <ClInclude Include="application\object\Egg.h" />
    <ClInclude Include="engine\math\DrawFunction.h" />
    <ClInclude Include="engine\2d\Vector2.h" />
    <ClInclude Include="engine\3d\Vector3.h" />
    <ClInclude Include="engine\base\DXCommon.h" />
    <ClInclude Include="engine\Tool\ImGuiManager.h" />
    <ClInclude Include="externals\imgui\imconfig.h" />
    <ClInclude Include="externals\imgui\imgui.h" />
    <ClInclude Include="externals\imgui\imgui_impl_dx12.h" />
    <ClInclude Include="externals\imgui\imgui_impl_win32.h" />
    <ClInclude Include="externals\imgui\imgui_internal.h" />
    <ClInclude Include="externals\imgui\imstb_rectpack.h" />
    <ClInclude Include="externals\imgui\imstb_textedit.h" />
    <ClInclude Include="externals\imgui\imstb_truetype.h" />
    <ClInclude Include="engine\math\MathFunction.h" />
    <ClInclude Include="engine\2d\Vector4.h" />
    <ClInclude Include="engine\input\Input.h" />
    <ClInclude Include="engine\base\WinApp.h" />
    <ClInclude Include="engine\Tool\Logger.h" />
    <ClInclude Include="engine\2d\SpriteCommon.h" />
    <ClInclude Include="engine\2d\Sprite.h" />
    <ClInclude Include="engine\3d\Object3d.h" />
    <ClInclude Include="engine\3d\Object3dCommon.h" />
    <ClInclude Include="engine\3d\Model.h" />
    <ClInclude Include="engine\3d\ModelManager.h" />
    <ClInclude Include="engine\Tool\StringUtility.h" />
    <ClInclude Include="engine\2d\TextureManager.h" />
    <ClInclude Include="engine\Tool\ParticleManager.h" />
    <ClInclude Include="engine\base\SrvManager.h" />
    <ClInclude Include="engine\Tool\ParicleEmitter.h" />
    <ClInclude Include="engine\GAME\Framework.h" />
    <ClInclude Include="engine\GAME\GameEngine.h" />
    <ClInclude Include="application\scene\GameScene.h" />
    <ClInclude Include="engine\scene\Scene.h" />
    <ClInclude Include="engine\scene\SceneManager.h" />
    <ClInclude Include="application\scene\TitleScene.h" />
    <ClInclude Include="engine\scene\SceneFactory.h" />
    <ClInclude Include="engine\Tool\LightManager.h" />
    <ClInclude Include="application\object\Goal.h" />
    <ClInclude Include="ThreadRenderer.h" />
    <ClInclude Include="ThreadPhysics.h" />
    <ClInclude Include="PhysicsNode.h" />
    <ClInclude Include="ThreadManager.h" />
    <ClInclude Include="application\collision\Vector4Function.h" />
    <ClInclude Include="Enemy.h" />
    <ClInclude Include="PathFinder.h" />
    <ClInclude Include="engine\base\PSOManager.h" />
    <ClInclude Include="engine\math\Mass.h" />
    <ClInclude Include="engine\math\Quanternion.h" />
    <ClInclude Include="engine\math\RotateFunction.h" />
    <ClInclude Include="engine\math\Transform.h" />
    <ClInclude Include="engine\scene\AbstractSceneFactory.h">
      <Filter>NewFilter4\NewFilter1</Filter>
    </ClInclude>
    <ClInclude Include="Animation.h" />
    <ClInclude Include="engine\audio\Audio.h">
      <Filter>NewFilter4\NewFilter3</Filter>
    </ClInclude>
    <ClInclude Include="engine\Tool\Camera.h">
      <Filter>NewFilter4\NewFilter2</Filter>
    </ClInclude>
    <ClInclude Include="engine\base\D3DResourceLeakChecker.h">
      <Filter>NewFilter4\NewFilter4</Filter>
    </ClInclude>
  </ItemGroup>
  <ItemGroup>
    <None Include="resources\shaders\Object3d\Object3d.hlsli" />
    <None Include="resources\shaders\Particle\Particle.hlsli" />
    <None Include="resources\shaders\Sprite\Sprite.hlsli" />
    <None Include="resources\shaders\Player\Player.hlsli" />
  </ItemGroup>
  <ItemGroup>
    <Text Include="externals\imgui\LICENSE.txt" />
  </ItemGroup>
  <ItemGroup>
    <Filter Include="NewFilter2">
      <UniqueIdentifier>{bdbbf9c3-6208-47ab-82e0-9bc3f405b53c}</UniqueIdentifier>
    </Filter>
    <Filter Include="NewFilter4">
      <UniqueIdentifier>{5cdbc51d-23da-4104-882d-1338b97d3642}</UniqueIdentifier>
    </Filter>
    <Filter Include="NewFilter4\NewFilter1">
      <UniqueIdentifier>{1a085950-2b3b-4067-815c-0b21d721825e}</UniqueIdentifier>
    </Filter>
    <Filter Include="NewFilter4\NewFilter3">
      <UniqueIdentifier>{dcfddd3f-c464-40f0-adc3-cd1e51e9072c}</UniqueIdentifier>
    </Filter>
    <Filter Include="NewFilter4\NewFilter2">
      <UniqueIdentifier>{62b38b35-b75e-492e-bd43-a10baeb3c621}</UniqueIdentifier>
    </Filter>
    <Filter Include="NewFilter4\NewFilter4">
      <UniqueIdentifier>{2b265be3-aa3f-4457-83b6-a8902851db90}</UniqueIdentifier>
    </Filter>
  </ItemGroup>
</Project>